
Microsoft Visual Studio Solution File, Format Version 12.00
# Visual Studio 15
Project("{FAE04EC0-301F-11D3-BF4B-00C04F79EFBC}") = "Assembly-CSharp", "Assembly-CSharp.csproj", "{AE3648CF-609A-A056-149A-7A890F866844}"
EndProject
Project("{FAE04EC0-301F-11D3-BF4B-00C04F79EFBC}") = "Polyperfect.Universal", "Polyperfect.Universal.csproj", "{DDAE856D-93B7-F707-37A3-B4C60D21D92C}"
EndProject
Global
	GlobalSection(SolutionConfigurationPlatforms) = preSolution
		Debug|Any CPU = Debug|Any CPU
		Release|Any CPU = Release|Any CPU
	EndGlobalSection
	GlobalSection(ProjectConfigurationPlatforms) = postSolution
		{AE3648CF-609A-A056-149A-7A890F866844}.Debug|Any CPU.ActiveCfg = Debug|Any CPU
		{AE3648CF-609A-A056-149A-7A890F866844}.Debug|Any CPU.Build.0 = Debug|Any CPU
		{AE3648CF-609A-A056-149A-7A890F866844}.Release|Any CPU.ActiveCfg = Release|Any CPU
		{AE3648CF-609A-A056-149A-7A890F866844}.Release|Any CPU.Build.0 = Release|Any CPU
		{DDAE856D-93B7-F707-37A3-B4C60D21D92C}.Debug|Any CPU.ActiveCfg = Debug|Any CPU
		{DDAE856D-93B7-F707-37A3-B4C60D21D92C}.Debug|Any CPU.Build.0 = Debug|Any CPU
		{DDAE856D-93B7-F707-37A3-B4C60D21D92C}.Release|Any CPU.ActiveCfg = Release|Any CPU
		{DDAE856D-93B7-F707-37A3-B4C60D21D92C}.Release|Any CPU.Build.0 = Release|Any CPU
	EndGlobalSection
	GlobalSection(SolutionProperties) = preSolution
		HideSolutionNode = FALSE
	EndGlobalSection
EndGlobal
