
Microsoft Visual Studio Solution File, Format Version 12.00
# Visual Studio 15
Project("{FAE04EC0-301F-11D3-BF4B-00C04F79EFBC}") = "Assembly-CSharp", "Assembly-CSharp.csproj", "{CFADDCA1-58AE-C477-681C-D6866FDB463E}"
EndProject
Project("{FAE04EC0-301F-11D3-BF4B-00C04F79EFBC}") = "Polyperfect.Universal", "Polyperfect.Universal.csproj", "{0B989A29-5C08-6318-EFB3-2AA162332B2F}"
EndProject
Global
	GlobalSection(SolutionConfigurationPlatforms) = preSolution
		Debug|Any CPU = Debug|Any CPU
		Release|Any CPU = Release|Any CPU
	EndGlobalSection
	GlobalSection(ProjectConfigurationPlatforms) = postSolution
		{CFADDCA1-58AE-C477-681C-D6866FDB463E}.Debug|Any CPU.ActiveCfg = Debug|Any CPU
		{CFADDCA1-58AE-C477-681C-D6866FDB463E}.Debug|Any CPU.Build.0 = Debug|Any CPU
		{CFADDCA1-58AE-C477-681C-D6866FDB463E}.Release|Any CPU.ActiveCfg = Release|Any CPU
		{CFADDCA1-58AE-C477-681C-D6866FDB463E}.Release|Any CPU.Build.0 = Release|Any CPU
		{0B989A29-5C08-6318-EFB3-2AA162332B2F}.Debug|Any CPU.ActiveCfg = Debug|Any CPU
		{0B989A29-5C08-6318-EFB3-2AA162332B2F}.Debug|Any CPU.Build.0 = Debug|Any CPU
		{0B989A29-5C08-6318-EFB3-2AA162332B2F}.Release|Any CPU.ActiveCfg = Release|Any CPU
		{0B989A29-5C08-6318-EFB3-2AA162332B2F}.Release|Any CPU.Build.0 = Release|Any CPU
	EndGlobalSection
	GlobalSection(SolutionProperties) = preSolution
		HideSolutionNode = FALSE
	EndGlobalSection
EndGlobal
